
Microsoft Visual Studio Solution File, Format Version 12.00
# Visual Studio 15
VisualStudioVersion = 15.0.28307.168
MinimumVisualStudioVersion = 10.0.40219.1
Project("{888888A0-9F3D-457C-B088-3A5042F75D52}") = "CheckiOAnswers", "CheckiOAnswers.pyproj", "{C4CA20B2-D564-4EDC-B153-AE394F8A6905}"
EndProject
Global
	GlobalSection(SolutionConfigurationPlatforms) = preSolution
		Debug|Any CPU = Debug|Any CPU
		Release|Any CPU = Release|Any CPU
	EndGlobalSection
	GlobalSection(ProjectConfigurationPlatforms) = postSolution
		{C4CA20B2-D564-4EDC-B153-AE394F8A6905}.Debug|Any CPU.ActiveCfg = Debug|Any CPU
		{C4CA20B2-D564-4EDC-B153-AE394F8A6905}.Release|Any CPU.ActiveCfg = Release|Any CPU
	EndGlobalSection
	GlobalSection(SolutionProperties) = preSolution
		HideSolutionNode = FALSE
	EndGlobalSection
	GlobalSection(ExtensibilityGlobals) = postSolution
		SolutionGuid = {44A356C9-74DC-41DB-8A3D-15962D62A263}
	EndGlobalSection
EndGlobal
